
Microsoft Visual Studio Solution File, Format Version 12.00
# Visual Studio 15
VisualStudioVersion = 15.0.28307.136
MinimumVisualStudioVersion = 10.0.40219.1
Project("{FAE04EC0-301F-11D3-BF4B-00C04F79EFBC}") = "WpfHarj1", "WpfHarj1\WpfHarj1.csproj", "{D5C04CB3-6F2D-467D-BC1A-26E114487BE2}"
EndProject
Global
	GlobalSection(SolutionConfigurationPlatforms) = preSolution
		Debug|Any CPU = Debug|Any CPU
		Release|Any CPU = Release|Any CPU
	EndGlobalSection
	GlobalSection(ProjectConfigurationPlatforms) = postSolution
		{D5C04CB3-6F2D-467D-BC1A-26E114487BE2}.Debug|Any CPU.ActiveCfg = Debug|Any CPU
		{D5C04CB3-6F2D-467D-BC1A-26E114487BE2}.Debug|Any CPU.Build.0 = Debug|Any CPU
		{D5C04CB3-6F2D-467D-BC1A-26E114487BE2}.Release|Any CPU.ActiveCfg = Release|Any CPU
		{D5C04CB3-6F2D-467D-BC1A-26E114487BE2}.Release|Any CPU.Build.0 = Release|Any CPU
	EndGlobalSection
	GlobalSection(SolutionProperties) = preSolution
		HideSolutionNode = FALSE
	EndGlobalSection
	GlobalSection(ExtensibilityGlobals) = postSolution
		SolutionGuid = {47A1ACA9-3A06-4BF9-9D8C-FCC3C9894FD7}
	EndGlobalSection
EndGlobal
